<?xml version="1.0" encoding="utf-8"?>
<Project ToolsVersion="4.0" xmlns="http://schemas.microsoft.com/developer/msbuild/2003">
  <ItemGroup>
    <Filter Include="Source Files">
      <UniqueIdentifier>{4FC737F1-C7A5-4376-A066-2A32D752A2FF}</UniqueIdentifier>
      <Extensions>cpp;c;cc;cxx;def;odl;idl;hpj;bat;asm;asmx</Extensions>
    </Filter>
    <Filter Include="Header Files">
      <UniqueIdentifier>{93995380-89BD-4b04-88EB-625FBE52EBFB}</UniqueIdentifier>
      <Extensions>h;hh;hpp;hxx;hm;inl;inc;xsd</Extensions>
    </Filter>
    <Filter Include="Resource Files">
      <UniqueIdentifier>{67DA6AB6-F800-4c08-8B7A-83BB121AAD01}</UniqueIdentifier>
      <Extensions>rc;ico;cur;bmp;dlg;rc2;rct;bin;rgs;gif;jpg;jpeg;jpe;resx;tiff;tif;png;wav;mfcribbon-ms</Extensions>
    </Filter>
  </ItemGroup>
  <ItemGroup>
    <ClCompile Include="main.cpp">
      <Filter>Source Files</Filter>
    </ClCompile>
    <ClCompile Include="includes\JM\camJM.cpp">
      <Filter>Source Files</Filter>
    </ClCompile>
    <ClCompile Include="includes\JM\lightJM.cpp">
      <Filter>Source Files</Filter>
    </ClCompile>
    <ClCompile Include="includes\JM\meshJM.cpp">
      <Filter>Source Files</Filter>
    </ClCompile>
    <ClCompile Include="includes\JM\modelJM.cpp">
      <Filter>Source Files</Filter>
    </ClCompile>
    <ClCompile Include="includes\JM\shaderJM.cpp">
      <Filter>Source Files</Filter>
    </ClCompile>
    <ClCompile Include="includes\HB\cameraHB.cpp">
      <Filter>Source Files</Filter>
    </ClCompile>
    <ClCompile Include="includes\HB\meshHB.cpp">
      <Filter>Source Files</Filter>
    </ClCompile>
    <ClCompile Include="includes\HB\modelHB.cpp">
      <Filter>Source Files</Filter>
    </ClCompile>
  </ItemGroup>
  <ItemGroup>
    <ClInclude Include="includes\JM\camJM.h">
      <Filter>Header Files</Filter>
    </ClInclude>
    <ClInclude Include="includes\JM\lightJM.h">
      <Filter>Header Files</Filter>
    </ClInclude>
    <ClInclude Include="includes\JM\meshJM.h">
      <Filter>Header Files</Filter>
    </ClInclude>
    <ClInclude Include="includes\JM\modelJM.h">
      <Filter>Header Files</Filter>
    </ClInclude>
    <ClInclude Include="includes\JM\shaderJM.h">
      <Filter>Header Files</Filter>
    </ClInclude>
    <ClInclude Include="includes\openGL\assimp\include\assimp\ai_assert.h">
      <Filter>Header Files</Filter>
    </ClInclude>
    <ClInclude Include="includes\openGL\assimp\include\assimp\anim.h">
      <Filter>Header Files</Filter>
    </ClInclude>
    <ClInclude Include="includes\openGL\assimp\include\assimp\camera.h">
      <Filter>Header Files</Filter>
    </ClInclude>
    <ClInclude Include="includes\openGL\assimp\include\assimp\cexport.h">
      <Filter>Header Files</Filter>
    </ClInclude>
    <ClInclude Include="includes\openGL\assimp\include\assimp\cfileio.h">
      <Filter>Header Files</Filter>
    </ClInclude>
    <ClInclude Include="includes\openGL\assimp\include\assimp\cimport.h">
      <Filter>Header Files</Filter>
    </ClInclude>
    <ClInclude Include="includes\openGL\assimp\include\assimp\color4.h">
      <Filter>Header Files</Filter>
    </ClInclude>
    <ClInclude Include="includes\openGL\assimp\include\assimp\config.h">
      <Filter>Header Files</Filter>
    </ClInclude>
    <ClInclude Include="includes\openGL\assimp\include\assimp\DefaultLogger.hpp">
      <Filter>Header Files</Filter>
    </ClInclude>
    <ClInclude Include="includes\openGL\assimp\include\assimp\defs.h">
      <Filter>Header Files</Filter>
    </ClInclude>
    <ClInclude Include="includes\openGL\assimp\include\assimp\Exporter.hpp">
      <Filter>Header Files</Filter>
    </ClInclude>
    <ClInclude Include="includes\openGL\assimp\include\assimp\Importer.hpp">
      <Filter>Header Files</Filter>
    </ClInclude>
    <ClInclude Include="includes\openGL\assimp\include\assimp\importerdesc.h">
      <Filter>Header Files</Filter>
    </ClInclude>
    <ClInclude Include="includes\openGL\assimp\include\assimp\IOStream.hpp">
      <Filter>Header Files</Filter>
    </ClInclude>
    <ClInclude Include="includes\openGL\assimp\include\assimp\IOSystem.hpp">
      <Filter>Header Files</Filter>
    </ClInclude>
    <ClInclude Include="includes\openGL\assimp\include\assimp\light.h">
      <Filter>Header Files</Filter>
    </ClInclude>
    <ClInclude Include="includes\openGL\assimp\include\assimp\Logger.hpp">
      <Filter>Header Files</Filter>
    </ClInclude>
    <ClInclude Include="includes\openGL\assimp\include\assimp\LogStream.hpp">
      <Filter>Header Files</Filter>
    </ClInclude>
    <ClInclude Include="includes\openGL\assimp\include\assimp\material.h">
      <Filter>Header Files</Filter>
    </ClInclude>
    <ClInclude Include="includes\openGL\assimp\include\assimp\matrix3x3.h">
      <Filter>Header Files</Filter>
    </ClInclude>
    <ClInclude Include="includes\openGL\assimp\include\assimp\matrix4x4.h">
      <Filter>Header Files</Filter>
    </ClInclude>
    <ClInclude Include="includes\openGL\assimp\include\assimp\mesh.h">
      <Filter>Header Files</Filter>
    </ClInclude>
    <ClInclude Include="includes\openGL\assimp\include\assimp\metadata.h">
      <Filter>Header Files</Filter>
    </ClInclude>
    <ClInclude Include="includes\openGL\assimp\include\assimp\NullLogger.hpp">
      <Filter>Header Files</Filter>
    </ClInclude>
    <ClInclude Include="includes\openGL\assimp\include\assimp\postprocess.h">
      <Filter>Header Files</Filter>
    </ClInclude>
    <ClInclude Include="includes\openGL\assimp\include\assimp\ProgressHandler.hpp">
      <Filter>Header Files</Filter>
    </ClInclude>
    <ClInclude Include="includes\openGL\assimp\include\assimp\quaternion.h">
      <Filter>Header Files</Filter>
    </ClInclude>
    <ClInclude Include="includes\openGL\assimp\include\assimp\scene.h">
      <Filter>Header Files</Filter>
    </ClInclude>
    <ClInclude Include="includes\openGL\assimp\include\assimp\texture.h">
      <Filter>Header Files</Filter>
    </ClInclude>
    <ClInclude Include="includes\openGL\assimp\include\assimp\types.h">
      <Filter>Header Files</Filter>
    </ClInclude>
    <ClInclude Include="includes\openGL\assimp\include\assimp\vector2.h">
      <Filter>Header Files</Filter>
    </ClInclude>
    <ClInclude Include="includes\openGL\assimp\include\assimp\vector3.h">
      <Filter>Header Files</Filter>
    </ClInclude>
    <ClInclude Include="includes\openGL\assimp\include\assimp\version.h">
      <Filter>Header Files</Filter>
    </ClInclude>
    <ClInclude Include="includes\HB\cameraHB.h">
      <Filter>Header Files</Filter>
    </ClInclude>
    <ClInclude Include="includes\HB\meshHB.h">
      <Filter>Header Files</Filter>
    </ClInclude>
    <ClInclude Include="includes\HB\modelHB.h">
      <Filter>Header Files</Filter>
    </ClInclude>
    <ClInclude Include="includes\HB\shaderHB.h">
      <Filter>Header Files</Filter>
    </ClInclude>
  </ItemGroup>
  <ItemGroup>
    <None Include="shaders\lightning_h.vs" />
    <None Include="shaders\lightning_h.frag" />
    <None Include="shaders\lamp_h.vs" />
    <None Include="shaders\lamp_h.frag" />
    <None Include="shaders\deferred_lightPass_vs.glsl" />
    <None Include="shaders\deferred_lightPass_frag.glsl" />
    <None Include="shaders\deferred_geoPass_vs.glsl" />
    <None Include="shaders\deferred_geoPass_frag.glsl" />
    <None Include="shaders\deferred_gBufferTester_frag.glsl" />
    <None Include="assimp-vc140-mt.dll" />
    <None Include="glew32.dll" />
    <None Include="includes\openGL\assimp\include\assimp\.editorconfig" />
    <None Include="includes\openGL\assimp\include\assimp\color4.inl">
      <Filter>Header Files</Filter>
    </None>
    <None Include="includes\openGL\assimp\include\assimp\material.inl">
      <Filter>Header Files</Filter>
    </None>
    <None Include="includes\openGL\assimp\include\assimp\matrix3x3.inl">
      <Filter>Header Files</Filter>
    </None>
    <None Include="includes\openGL\assimp\include\assimp\matrix4x4.inl">
      <Filter>Header Files</Filter>
    </None>
    <None Include="includes\openGL\assimp\include\assimp\quaternion.inl">
      <Filter>Header Files</Filter>
    </None>
    <None Include="includes\openGL\assimp\include\assimp\vector2.inl">
      <Filter>Header Files</Filter>
    </None>
    <None Include="includes\openGL\assimp\include\assimp\vector3.inl">
      <Filter>Header Files</Filter>
    </None>
    <None Include="shaders\JM\FragmentShader.glsl" />
    <None Include="shaders\JM\GeometryShader.glsl" />
    <None Include="shaders\JM\VertexShader.glsl" />
    <None Include="shaders\HB\deferred_lightPass_vs.glsl" />
    <None Include="shaders\HB\deferred_geoPass_frag.glsl" />
    <None Include="shaders\HB\deferred_geoPass_vs.glsl" />
    <None Include="shaders\HB\deferred_lightPass_frag.glsl" />
    <None Include="includes\deferred_gBufferTester_frag.glsl" />
  </ItemGroup>
</Project>